<Solution>
  <Configurations>
    <BuildType Name="Debug" />
    <BuildType Name="Release" />
    <BuildType Name="Test" />
    <Platform Name="Any CPU" />
    <Platform Name="Mixed Platforms" />
    <Platform Name="x86" />
  </Configurations>
  <Folder Name="/Solution Items/">
    <File Path=".editorconfig" />
    <File Path="Directory.Build.props" />
    <File Path="Directory.Packages.props" />
  </Folder>
  <Project Path="Gibbon.Git.Server.Benchmarks/Gibbon.Git.Server.Benchmarks.csproj">
    <BuildType Solution="Test|*" Project="Debug" />
  </Project>
  <Project Path="Gibbon.Git.Server.Integration.Tests/Gibbon.Git.Server.Integration.Tests.csproj">
    <BuildType Solution="Test|*" Project="Debug" />
  </Project>
  <Project Path="Gibbon.Git.Server.Tests/Gibbon.Git.Server.Tests.csproj">
    <Build Solution="*|x86" Project="false" />
  </Project>
  <Project Path="Gibbon.Git.Server/Gibbon.Git.Server.csproj">
    <BuildType Solution="Test|*" Project="Debug" />
  </Project>
</Solution>
